
Microsoft Visual Studio Solution File, Format Version 12.00
# Visual Studio 15
VisualStudioVersion = 15.0.27703.2042
MinimumVisualStudioVersion = 10.0.40219.1
Project("{FAE04EC0-301F-11D3-BF4B-00C04F79EFBC}") = "StationsScheduler", "StationsScheduler\StationsScheduler.csproj", "{D6FEAE05-9E6B-454E-BF2C-B8AA11C09543}"
EndProject
Global
	GlobalSection(SolutionConfigurationPlatforms) = preSolution
		Debug|Any CPU = Debug|Any CPU
		Release|Any CPU = Release|Any CPU
	EndGlobalSection
	GlobalSection(ProjectConfigurationPlatforms) = postSolution
		{D6FEAE05-9E6B-454E-BF2C-B8AA11C09543}.Debug|Any CPU.ActiveCfg = Debug|Any CPU
		{D6FEAE05-9E6B-454E-BF2C-B8AA11C09543}.Debug|Any CPU.Build.0 = Debug|Any CPU
		{D6FEAE05-9E6B-454E-BF2C-B8AA11C09543}.Release|Any CPU.ActiveCfg = Release|Any CPU
		{D6FEAE05-9E6B-454E-BF2C-B8AA11C09543}.Release|Any CPU.Build.0 = Release|Any CPU
	EndGlobalSection
	GlobalSection(SolutionProperties) = preSolution
		HideSolutionNode = FALSE
	EndGlobalSection
	GlobalSection(ExtensibilityGlobals) = postSolution
		SolutionGuid = {5D107F0E-7CD6-4FAA-AB05-9536CDF8B68E}
	EndGlobalSection
EndGlobal
